// !$*UTF8*$!
{
	archiveVersion = 1;
	classes = {
	};
	objectVersion = 46;
	objects = {

/* Begin PBXBuildFile section */
		FD9261201F0908F3005967DA /* AppDelegate.swift in Sources */ = {isa = PBXBuildFile; fileRef = FD92611F1F0908F3005967DA /* AppDelegate.swift */; };
		FD9261221F0908F3005967DA /* ViewController.swift in Sources */ = {isa = PBXBuildFile; fileRef = FD9261211F0908F3005967DA /* ViewController.swift */; };
		FD9261251F0908F3005967DA /* Main.storyboard in Resources */ = {isa = PBXBuildFile; fileRef = FD9261231F0908F3005967DA /* Main.storyboard */; };
		FD9261271F0908F3005967DA /* Assets.xcassets in Resources */ = {isa = PBXBuildFile; fileRef = FD9261261F0908F3005967DA /* Assets.xcassets */; };
		FD92612A1F0908F3005967DA /* LaunchScreen.storyboard in Resources */ = {isa = PBXBuildFile; fileRef = FD9261281F0908F3005967DA /* LaunchScreen.storyboard */; };
/* End PBXBuildFile section */

/* Begin PBXFileReference section */
		FD92611C1F0908F3005967DA /* TimeToGetSocial.app */ = {isa = PBXFileReference; explicitFileType = wrapper.application; includeInIndex = 0; path = TimeToGetSocial.app; sourceTree = BUILT_PRODUCTS_DIR; };
		FD92611F1F0908F3005967DA /* AppDelegate.swift */ = {isa = PBXFileReference; lastKnownFileType = sourcecode.swift; path = AppDelegate.swift; sourceTree = "<group>"; };
		FD9261211F0908F3005967DA /* ViewController.swift */ = {isa = PBXFileReference; lastKnownFileType = sourcecode.swift; path = ViewController.swift; sourceTree = "<group>"; };
		FD9261241F0908F3005967DA /* Base */ = {isa = PBXFileReference; lastKnownFileType = file.storyboard; name = Base; path = Base.lproj/Main.storyboard; sourceTree = "<group>"; };
		FD9261261F0908F3005967DA /* Assets.xcassets */ = {isa = PBXFileReference; lastKnownFileType = folder.assetcatalog; path = Assets.xcassets; sourceTree = "<group>"; };
		FD9261291F0908F3005967DA /* Base */ = {isa = PBXFileReference; lastKnownFileType = file.storyboard; name = Base; path = Base.lproj/LaunchScreen.storyboard; sourceTree = "<group>"; };
		FD92612B1F0908F3005967DA /* Info.plist */ = {isa = PBXFileReference; lastKnownFileType = text.plist.xml; path = Info.plist; sourceTree = "<group>"; };
/* End PBXFileReference section */

/* Begin PBXFrameworksBuildPhase section */
		FD9261191F0908F3005967DA /* Frameworks */ = {
			isa = PBXFrameworksBuildPhase;
			buildActionMask = 2147483647;
			files = (
			);
			runOnlyForDeploymentPostprocessing = 0;
		};
/* End PBXFrameworksBuildPhase section */

/* Begin PBXGroup section */
		FD9261131F0908F3005967DA = {
			isa = PBXGroup;
			children = (
				FD92611E1F0908F3005967DA /* TimeToGetSocial */,
				FD92611D1F0908F3005967DA /* Products */,
			);
			sourceTree = "<group>";
		};
		FD92611D1F0908F3005967DA /* Products */ = {
			isa = PBXGroup;
			children = (
				FD92611C1F0908F3005967DA /* TimeToGetSocial.app */,
			);
			name = Products;
			sourceTree = "<group>";
		};
		FD92611E1F0908F3005967DA /* TimeToGetSocial */ = {
			isa = PBXGroup;
			children = (
				FD92611F1F0908F3005967DA /* AppDelegate.swift */,
				FD9261211F0908F3005967DA /* ViewController.swift */,
				FD9261231F0908F3005967DA /* Main.storyboard */,
				FD9261261F0908F3005967DA /* Assets.xcassets */,
				FD9261281F0908F3005967DA /* LaunchScreen.storyboard */,
				FD92612B1F0908F3005967DA /* Info.plist */,
			);
			path = TimeToGetSocial;
			sourceTree = "<group>";
		};
/* End PBXGroup section */

/* Begin PBXNativeTarget section */
		FD92611B1F0908F3005967DA /* TimeToGetSocial */ = {
			isa = PBXNativeTarget;
			buildConfigurationList = FD92612E1F0908F3005967DA /* Build configuration list for PBXNativeTarget "TimeToGetSocial" */;
			buildPhases = (
				FD9261181F0908F3005967DA /* Sources */,
				FD9261191F0908F3005967DA /* Frameworks */,
				FD92611A1F0908F3005967DA /* Resources */,
			);
			buildRules = (
			);
			dependencies = (
			);
			name = TimeToGetSocial;
			productName = TimeToGetSocial;
			productReference = FD92611C1F0908F3005967DA /* TimeToGetSocial.app */;
			productType = "com.apple.product-type.application";
		};
/* End PBXNativeTarget section */

/* Begin PBXProject section */
		FD9261141F0908F3005967DA /* Project object */ = {
			isa = PBXProject;
			attributes = {
				LastSwiftUpdateCheck = 0830;
				LastUpgradeCheck = 0830;
				ORGANIZATIONNAME = "Daniel Ny";
				TargetAttributes = {
					FD92611B1F0908F3005967DA = {
						CreatedOnToolsVersion = 8.3.3;
						DevelopmentTeam = 7LRD5684ZH;
						ProvisioningStyle = Automatic;
					};
				};
			};
			buildConfigurationList = FD9261171F0908F3005967DA /* Build configuration list for PBXProject "TimeToGetSocial" */;
			compatibilityVersion = "Xcode 3.2";
			developmentRegion = English;
			hasScannedForEncodings = 0;
			knownRegions = (
				en,
				Base,
			);
			mainGroup = FD9261131F0908F3005967DA;
			productRefGroup = FD92611D1F0908F3005967DA /* Products */;
			projectDirPath = "";
			projectRoot = "";
			targets = (
				FD92611B1F0908F3005967DA /* TimeToGetSocial */,
			);
		};
/* End PBXProject section */

/* Begin PBXResourcesBuildPhase section */
		FD92611A1F0908F3005967DA /* Resources */ = {
			isa = PBXResourcesBuildPhase;
			buildActionMask = 2147483647;
			files = (
				FD92612A1F0908F3005967DA /* LaunchScreen.storyboard in Resources */,
				FD9261271F0908F3005967DA /* Assets.xcassets in Resources */,
				FD9261251F0908F3005967DA /* Main.storyboard in Resources */,
			);
			runOnlyForDeploymentPostprocessing = 0;
		};
/* End PBXResourcesBuildPhase section */

/* Begin PBXSourcesBuildPhase section */
		FD9261181F0908F3005967DA /* Sources */ = {
			isa = PBXSourcesBuildPhase;
			buildActionMask = 2147483647;
			files = (
				FD9261221F0908F3005967DA /* ViewController.swift in Sources */,
				FD9261201F0908F3005967DA /* AppDelegate.swift in Sources */,
			);
			runOnlyForDeploymentPostprocessing = 0;
		};
/* End PBXSourcesBuildPhase section */

/* Begin PBXVariantGroup section */
		FD9261231F0908F3005967DA /* Main.storyboard */ = {
			isa = PBXVariantGroup;
			children = (
				FD9261241F0908F3005967DA /* Base */,
			);
			name = Main.storyboard;
			sourceTree = "<group>";
		};
		FD9261281F0908F3005967DA /* LaunchScreen.storyboard */ = {
			isa = PBXVariantGroup;
			children = (
				FD9261291F0908F3005967DA /* Base */,
			);
			name = LaunchScreen.storyboard;
			sourceTree = "<group>";
		};
/* End PBXVariantGroup section */

/* Begin XCBuildConfiguration section */
		FD92612C1F0908F3005967DA /* Debug */ = {
			isa = XCBuildConfiguration;
			buildSettings = {
				ALWAYS_SEARCH_USER_PATHS = NO;
				CLANG_ANALYZER_NONNULL = YES;
				CLANG_ANALYZER_NUMBER_OBJECT_CONVERSION = YES_AGGRESSIVE;
				CLANG_CXX_LANGUAGE_STANDARD = "gnu++0x";
				CLANG_CXX_LIBRARY = "libc++";
				CLANG_ENABLE_MODULES = YES;
				CLANG_ENABLE_OBJC_ARC = YES;
				CLANG_WARN_BOOL_CONVERSION = YES;
				CLANG_WARN_CONSTANT_CONVERSION = YES;
				CLANG_WARN_DIRECT_OBJC_ISA_USAGE = YES_ERROR;
				CLANG_WARN_DOCUMENTATION_COMMENTS = YES;
				CLANG_WARN_EMPTY_BODY = YES;
				CLANG_WARN_ENUM_CONVERSION = YES;
				CLANG_WARN_INFINITE_RECURSION = YES;
				CLANG_WARN_INT_CONVERSION = YES;
				CLANG_WARN_OBJC_ROOT_CLASS = YES_ERROR;
				CLANG_WARN_SUSPICIOUS_MOVE = YES;
				CLANG_WARN_UNREACHABLE_CODE = YES;
				CLANG_WARN__DUPLICATE_METHOD_MATCH = YES;
				"CODE_SIGN_IDENTITY[sdk=iphoneos*]" = "iPhone Developer";
				COPY_PHASE_STRIP = NO;
				DEBUG_INFORMATION_FORMAT = dwarf;
				ENABLE_STRICT_OBJC_MSGSEND = YES;
				ENABLE_TESTABILITY = YES;
				GCC_C_LANGUAGE_STANDARD = gnu99;
				GCC_DYNAMIC_NO_PIC = NO;
				GCC_NO_COMMON_BLOCKS = YES;
				GCC_OPTIMIZATION_LEVEL = 0;
				GCC_PREPROCESSOR_DEFINITIONS = (
					"DEBUG=1",
					"$(inherited)",
				);
				GCC_WARN_64_TO_32_BIT_CONVERSION = YES;
				GCC_WARN_ABOUT_RETURN_TYPE = YES_ERROR;
				GCC_WARN_UNDECLARED_SELECTOR = YES;
				GCC_WARN_UNINITIALIZED_AUTOS = YES_AGGRESSIVE;
				GCC_WARN_UNUSED_FUNCTION = YES;
				GCC_WARN_UNUSED_VARIABLE = YES;
				IPHONEOS_DEPLOYMENT_TARGET = 10.3;
				MTL_ENABLE_DEBUG_INFO = YES;
				ONLY_ACTIVE_ARCH = YES;
				SDKROOT = iphoneos;
				SWIFT_ACTIVE_COMPILATION_CONDITIONS = DEBUG;
				SWIFT_OPTIMIZATION_LEVEL = "-Onone";
				TARGETED_DEVICE_FAMILY = "1,2";
			};
			name = Debug;
		};
		FD92612D1F0908F3005967DA /* Release */ = {
			isa = XCBuildConfiguration;
			buildSettings = {
				ALWAYS_SEARCH_USER_PATHS = NO;
				CLANG_ANALYZER_NONNULL = YES;
				CLANG_ANALYZER_NUMBER_OBJECT_CONVERSION = YES_AGGRESSIVE;
				CLANG_CXX_LANGUAGE_STANDARD = "gnu++0x";
				CLANG_CXX_LIBRARY = "libc++";
				CLANG_ENABLE_MODULES = YES;
				CLANG_ENABLE_OBJC_ARC = YES;
				CLANG_WARN_BOOL_CONVERSION = YES;
				CLANG_WARN_CONSTANT_CONVERSION = YES;
				CLANG_WARN_DIRECT_OBJC_ISA_USAGE = YES_ERROR;
				CLANG_WARN_DOCUMENTATION_COMMENTS = YES;
				CLANG_WARN_EMPTY_BODY = YES;
				CLANG_WARN_ENUM_CONVERSION = YES;
				CLANG_WARN_INFINITE_RECURSION = YES;
				CLANG_WARN_INT_CONVERSION = YES;
				CLANG_WARN_OBJC_ROOT_CLASS = YES_ERROR;
				CLANG_WARN_SUSPICIOUS_MOVE = YES;
				CLANG_WARN_UNREACHABLE_CODE = YES;
				CLANG_WARN__DUPLICATE_METHOD_MATCH = YES;
				"CODE_SIGN_IDENTITY[sdk=iphoneos*]" = "iPhone Developer";
				COPY_PHASE_STRIP = NO;
				DEBUG_INFORMATION_FORMAT = "dwarf-with-dsym";
				ENABLE_NS_ASSERTIONS = NO;
				ENABLE_STRICT_OBJC_MSGSEND = YES;
				GCC_C_LANGUAGE_STANDARD = gnu99;
				GCC_NO_COMMON_BLOCKS = YES;
				GCC_WARN_64_TO_32_BIT_CONVERSION = YES;
				GCC_WARN_ABOUT_RETURN_TYPE = YES_ERROR;
				GCC_WARN_UNDECLARED_SELECTOR = YES;
				GCC_WARN_UNINITIALIZED_AUTOS = YES_AGGRESSIVE;
				GCC_WARN_UNUSED_FUNCTION = YES;
				GCC_WARN_UNUSED_VARIABLE = YES;
				IPHONEOS_DEPLOYMENT_TARGET = 10.3;
				MTL_ENABLE_DEBUG_INFO = NO;
				SDKROOT = iphoneos;
				SWIFT_OPTIMIZATION_LEVEL = "-Owholemodule";
				TARGETED_DEVICE_FAMILY = "1,2";
				VALIDATE_PRODUCT = YES;
			};
			name = Release;
		};
		FD92612F1F0908F3005967DA /* Debug */ = {
			isa = XCBuildConfiguration;
			buildSettings = {
				ASSETCATALOG_COMPILER_APPICON_NAME = AppIcon;
				DEVELOPMENT_TEAM = 7LRD5684ZH;
				INFOPLIST_FILE = TimeToGetSocial/Info.plist;
				LD_RUNPATH_SEARCH_PATHS = "$(inherited) @executable_path/Frameworks";
				PRODUCT_BUNDLE_IDENTIFIER = com.danielny.TimeToGetSocial;
				PRODUCT_NAME = "$(TARGET_NAME)";
				SWIFT_VERSION = 3.0;
			};
			name = Debug;
		};
		FD9261301F0908F3005967DA /* Release */ = {
			isa = XCBuildConfiguration;
			buildSettings = {
				ASSETCATALOG_COMPILER_APPICON_NAME = AppIcon;
				DEVELOPMENT_TEAM = 7LRD5684ZH;
				INFOPLIST_FILE = TimeToGetSocial/Info.plist;
				LD_RUNPATH_SEARCH_PATHS = "$(inherited) @executable_path/Frameworks";
				PRODUCT_BUNDLE_IDENTIFIER = com.danielny.TimeToGetSocial;
				PRODUCT_NAME = "$(TARGET_NAME)";
				SWIFT_VERSION = 3.0;
			};
			name = Release;
		};
/* End XCBuildConfiguration section */

/* Begin XCConfigurationList section */
		FD9261171F0908F3005967DA /* Build configuration list for PBXProject "TimeToGetSocial" */ = {
			isa = XCConfigurationList;
			buildConfigurations = (
				FD92612C1F0908F3005967DA /* Debug */,
				FD92612D1F0908F3005967DA /* Release */,
			);
			defaultConfigurationIsVisible = 0;
			defaultConfigurationName = Release;
		};
		FD92612E1F0908F3005967DA /* Build configuration list for PBXNativeTarget "TimeToGetSocial" */ = {
			isa = XCConfigurationList;
			buildConfigurations = (
				FD92612F1F0908F3005967DA /* Debug */,
				FD9261301F0908F3005967DA /* Release */,
			);
			defaultConfigurationIsVisible = 0;
		};
/* End XCConfigurationList section */
	};
	rootObject = FD9261141F0908F3005967DA /* Project object */;
}
